
Microsoft Visual Studio Solution File, Format Version 12.00
# Visual Studio 15
VisualStudioVersion = 15.0.27004.2002
MinimumVisualStudioVersion = 10.0.40219.1
Project("{2150E333-8FDC-42A3-9474-1A3956D46DE8}") = "Services", "Services", "{D5105CD4-194E-41EC-843C-39BB031D6C1F}"
EndProject
Project("{FAE04EC0-301F-11D3-BF4B-00C04F79EFBC}") = "Veises.SocialNet.Identity", "services\identity\Veises.SocialNet.Identity\Veises.SocialNet.Identity.csproj", "{BC0803B7-FD07-4F03-8860-777CC9F68187}"
EndProject
Global
	GlobalSection(SolutionConfigurationPlatforms) = preSolution
		Debug|Any CPU = Debug|Any CPU
		Release|Any CPU = Release|Any CPU
	EndGlobalSection
	GlobalSection(ProjectConfigurationPlatforms) = postSolution
		{BC0803B7-FD07-4F03-8860-777CC9F68187}.Debug|Any CPU.ActiveCfg = Debug|Any CPU
		{BC0803B7-FD07-4F03-8860-777CC9F68187}.Debug|Any CPU.Build.0 = Debug|Any CPU
		{BC0803B7-FD07-4F03-8860-777CC9F68187}.Release|Any CPU.ActiveCfg = Release|Any CPU
		{BC0803B7-FD07-4F03-8860-777CC9F68187}.Release|Any CPU.Build.0 = Release|Any CPU
	EndGlobalSection
	GlobalSection(SolutionProperties) = preSolution
		HideSolutionNode = FALSE
	EndGlobalSection
	GlobalSection(NestedProjects) = preSolution
		{BC0803B7-FD07-4F03-8860-777CC9F68187} = {D5105CD4-194E-41EC-843C-39BB031D6C1F}
	EndGlobalSection
	GlobalSection(ExtensibilityGlobals) = postSolution
		SolutionGuid = {AB1024D4-62FF-400E-B244-BB2EB1085D56}
	EndGlobalSection
EndGlobal
